
Microsoft Visual Studio Solution File, Format Version 12.00
# Visual Studio Version 17
VisualStudioVersion = 17.14.36109.1
MinimumVisualStudioVersion = 10.0.40219.1
Project("{FAE04EC0-301F-11D3-BF4B-00C04F79EFBC}") = "WindformApp", "WindformApp\WindformApp.csproj", "{858F7B32-F919-4BBB-9254-A5299BE4A56B}"
EndProject
Project("{FAE04EC0-301F-11D3-BF4B-00C04F79EFBC}") = "dominio", "dominio\dominio.csproj", "{C4EC8AA2-1550-4215-819B-8C91D5CAA221}"
EndProject
Project("{FAE04EC0-301F-11D3-BF4B-00C04F79EFBC}") = "negocio", "negocio\negocio.csproj", "{AD9EEE00-DD81-4984-BD1C-CDD8B6C3D47E}"
EndProject
Global
	GlobalSection(SolutionConfigurationPlatforms) = preSolution
		Debug|Any CPU = Debug|Any CPU
		Release|Any CPU = Release|Any CPU
	EndGlobalSection
	GlobalSection(ProjectConfigurationPlatforms) = postSolution
		{858F7B32-F919-4BBB-9254-A5299BE4A56B}.Debug|Any CPU.ActiveCfg = Debug|Any CPU
		{858F7B32-F919-4BBB-9254-A5299BE4A56B}.Debug|Any CPU.Build.0 = Debug|Any CPU
		{858F7B32-F919-4BBB-9254-A5299BE4A56B}.Release|Any CPU.ActiveCfg = Release|Any CPU
		{858F7B32-F919-4BBB-9254-A5299BE4A56B}.Release|Any CPU.Build.0 = Release|Any CPU
		{C4EC8AA2-1550-4215-819B-8C91D5CAA221}.Debug|Any CPU.ActiveCfg = Debug|Any CPU
		{C4EC8AA2-1550-4215-819B-8C91D5CAA221}.Debug|Any CPU.Build.0 = Debug|Any CPU
		{C4EC8AA2-1550-4215-819B-8C91D5CAA221}.Release|Any CPU.ActiveCfg = Release|Any CPU
		{C4EC8AA2-1550-4215-819B-8C91D5CAA221}.Release|Any CPU.Build.0 = Release|Any CPU
		{AD9EEE00-DD81-4984-BD1C-CDD8B6C3D47E}.Debug|Any CPU.ActiveCfg = Debug|Any CPU
		{AD9EEE00-DD81-4984-BD1C-CDD8B6C3D47E}.Debug|Any CPU.Build.0 = Debug|Any CPU
		{AD9EEE00-DD81-4984-BD1C-CDD8B6C3D47E}.Release|Any CPU.ActiveCfg = Release|Any CPU
		{AD9EEE00-DD81-4984-BD1C-CDD8B6C3D47E}.Release|Any CPU.Build.0 = Release|Any CPU
	EndGlobalSection
	GlobalSection(SolutionProperties) = preSolution
		HideSolutionNode = FALSE
	EndGlobalSection
	GlobalSection(ExtensibilityGlobals) = postSolution
		SolutionGuid = {46AF2A23-8A0E-46B5-A897-9EF9B7B75448}
	EndGlobalSection
EndGlobal
